
Microsoft Visual Studio Solution File, Format Version 12.00
# Visual Studio Version 16
VisualStudioVersion = 16.0.28922.388
MinimumVisualStudioVersion = 10.0.40219.1
Project("{9A19103F-16F7-4668-BE54-9A1E7A4F7556}") = "Cashlog.Core", "Cashlog.Core\Cashlog.Core.csproj", "{1DB774EC-489A-4C65-A305-77E90E00A09F}"
EndProject
Project("{9A19103F-16F7-4668-BE54-9A1E7A4F7556}") = "Cashlog.Application.Selfhost", "Cashlog.Application.Selfhost\Cashlog.Application.Selfhost.csproj", "{47716856-7309-4A34-8D11-8075421A19E8}"
EndProject
Project("{9A19103F-16F7-4668-BE54-9A1E7A4F7556}") = "Cashlog.Data", "Cashlog.Data\Cashlog.Data.csproj", "{1EA7BAC7-49A0-43C1-B6C1-36CCCD4B636C}"
EndProject
Project("{2150E333-8FDC-42A3-9474-1A3956D46DE8}") = "Tests", "Tests", "{68FF3967-27C8-4761-ABCE-F59B903A4A46}"
EndProject
Project("{9A19103F-16F7-4668-BE54-9A1E7A4F7556}") = "Cashlog.Tests", "Tests\Cashlog.Tests\Cashlog.Tests.csproj", "{F4C6DF13-DD22-404F-B713-210DAB434662}"
EndProject
Project("{2150E333-8FDC-42A3-9474-1A3956D46DE8}") = "Utils", "Utils", "{46A5D681-4D25-41C7-8B21-2D2E715DD565}"
EndProject
Project("{9A19103F-16F7-4668-BE54-9A1E7A4F7556}") = "Cashlog.Utils.DataMigrator", "Utils\Cashlog.Utils.DataMigrator\Cashlog.Utils.DataMigrator.csproj", "{C609FFCC-8013-43DF-AC99-9C6E9C5BD6A4}"
EndProject
Project("{2150E333-8FDC-42A3-9474-1A3956D46DE8}") = "Web", "Web", "{7CE9B4C8-B547-4C30-939E-244D0B7BC50B}"
EndProject
Project("{9A19103F-16F7-4668-BE54-9A1E7A4F7556}") = "Cashlog.Web.ServerSide.Selfhost", "Web\Cashlog.Web.ServerSide.Selfhost\Cashlog.Web.ServerSide.Selfhost.csproj", "{B23E829B-AECD-4704-854C-BEBC10765F8D}"
EndProject
Project("{9A19103F-16F7-4668-BE54-9A1E7A4F7556}") = "Cashlog.Web.ClientSide.Selfhost", "Web\Cashlog.Web.ClientSide.Selfhost\Cashlog.Web.ClientSide.Selfhost.csproj", "{AF3CC6A8-B8DB-4E0E-839F-C07BF63E5F54}"
EndProject
Project("{9A19103F-16F7-4668-BE54-9A1E7A4F7556}") = "Cashlog.Web.Client.Core", "Web\Cashlog.Web.Client.Core\Cashlog.Web.Client.Core.csproj", "{ACC1476C-2E06-41C0-9CA1-E910A491099A}"
EndProject
Project("{9A19103F-16F7-4668-BE54-9A1E7A4F7556}") = "Cashlog.Web.Client.Components", "Web\Cashlog.Web.Client.Components\Cashlog.Web.Client.Components.csproj", "{A6FE421C-BCC8-4A70-9556-B076B3591ACD}"
EndProject
Project("{9A19103F-16F7-4668-BE54-9A1E7A4F7556}") = "Cashlog.Web.Shared.Contracts", "Web\Cashlog.Web.Shared.Contracts\Cashlog.Web.Shared.Contracts.csproj", "{9CCC568B-D311-46E4-8CFF-0BFB371651E5}"
EndProject
Project("{9A19103F-16F7-4668-BE54-9A1E7A4F7556}") = "Cashlog.Web.Server.Selfhost", "Web\Cashlog.Web.Server.Selfhost\Cashlog.Web.Server.Selfhost.csproj", "{B9AF65CB-A4E9-4AA0-A2F8-D464396F6F54}"
EndProject
Project("{9A19103F-16F7-4668-BE54-9A1E7A4F7556}") = "Cashlog.Web.Server.Core", "Web\Cashlog.Web.Server.Core\Cashlog.Web.Server.Core.csproj", "{9B9A4F7D-E043-4291-89D4-C13F6749785C}"
EndProject
Project("{2150E333-8FDC-42A3-9474-1A3956D46DE8}") = "Client", "Client", "{92CB8A49-AA79-431A-8516-006F9559AA7A}"
EndProject
Project("{2150E333-8FDC-42A3-9474-1A3956D46DE8}") = "Server", "Server", "{38B7C70F-D3C2-47F2-B8BF-C09363B76FC8}"
EndProject
Project("{FAE04EC0-301F-11D3-BF4B-00C04F79EFBC}") = "Cashlog.Common", "Cashlog.Common\Cashlog.Common.csproj", "{E957E6B8-339E-433C-AD8C-7AAEB0A242DA}"
EndProject
Global
	GlobalSection(SolutionConfigurationPlatforms) = preSolution
		Debug|Any CPU = Debug|Any CPU
		Release|Any CPU = Release|Any CPU
	EndGlobalSection
	GlobalSection(ProjectConfigurationPlatforms) = postSolution
		{1DB774EC-489A-4C65-A305-77E90E00A09F}.Debug|Any CPU.ActiveCfg = Debug|Any CPU
		{1DB774EC-489A-4C65-A305-77E90E00A09F}.Debug|Any CPU.Build.0 = Debug|Any CPU
		{1DB774EC-489A-4C65-A305-77E90E00A09F}.Release|Any CPU.ActiveCfg = Release|Any CPU
		{1DB774EC-489A-4C65-A305-77E90E00A09F}.Release|Any CPU.Build.0 = Release|Any CPU
		{47716856-7309-4A34-8D11-8075421A19E8}.Debug|Any CPU.ActiveCfg = Debug|Any CPU
		{47716856-7309-4A34-8D11-8075421A19E8}.Debug|Any CPU.Build.0 = Debug|Any CPU
		{47716856-7309-4A34-8D11-8075421A19E8}.Release|Any CPU.ActiveCfg = Release|Any CPU
		{47716856-7309-4A34-8D11-8075421A19E8}.Release|Any CPU.Build.0 = Release|Any CPU
		{1EA7BAC7-49A0-43C1-B6C1-36CCCD4B636C}.Debug|Any CPU.ActiveCfg = Debug|Any CPU
		{1EA7BAC7-49A0-43C1-B6C1-36CCCD4B636C}.Debug|Any CPU.Build.0 = Debug|Any CPU
		{1EA7BAC7-49A0-43C1-B6C1-36CCCD4B636C}.Release|Any CPU.ActiveCfg = Release|Any CPU
		{1EA7BAC7-49A0-43C1-B6C1-36CCCD4B636C}.Release|Any CPU.Build.0 = Release|Any CPU
		{F4C6DF13-DD22-404F-B713-210DAB434662}.Debug|Any CPU.ActiveCfg = Debug|Any CPU
		{F4C6DF13-DD22-404F-B713-210DAB434662}.Debug|Any CPU.Build.0 = Debug|Any CPU
		{F4C6DF13-DD22-404F-B713-210DAB434662}.Release|Any CPU.ActiveCfg = Release|Any CPU
		{F4C6DF13-DD22-404F-B713-210DAB434662}.Release|Any CPU.Build.0 = Release|Any CPU
		{C609FFCC-8013-43DF-AC99-9C6E9C5BD6A4}.Debug|Any CPU.ActiveCfg = Debug|Any CPU
		{C609FFCC-8013-43DF-AC99-9C6E9C5BD6A4}.Debug|Any CPU.Build.0 = Debug|Any CPU
		{C609FFCC-8013-43DF-AC99-9C6E9C5BD6A4}.Release|Any CPU.ActiveCfg = Release|Any CPU
		{C609FFCC-8013-43DF-AC99-9C6E9C5BD6A4}.Release|Any CPU.Build.0 = Release|Any CPU
		{B23E829B-AECD-4704-854C-BEBC10765F8D}.Debug|Any CPU.ActiveCfg = Debug|Any CPU
		{B23E829B-AECD-4704-854C-BEBC10765F8D}.Debug|Any CPU.Build.0 = Debug|Any CPU
		{B23E829B-AECD-4704-854C-BEBC10765F8D}.Release|Any CPU.ActiveCfg = Release|Any CPU
		{B23E829B-AECD-4704-854C-BEBC10765F8D}.Release|Any CPU.Build.0 = Release|Any CPU
		{AF3CC6A8-B8DB-4E0E-839F-C07BF63E5F54}.Debug|Any CPU.ActiveCfg = Debug|Any CPU
		{AF3CC6A8-B8DB-4E0E-839F-C07BF63E5F54}.Debug|Any CPU.Build.0 = Debug|Any CPU
		{AF3CC6A8-B8DB-4E0E-839F-C07BF63E5F54}.Release|Any CPU.ActiveCfg = Release|Any CPU
		{AF3CC6A8-B8DB-4E0E-839F-C07BF63E5F54}.Release|Any CPU.Build.0 = Release|Any CPU
		{ACC1476C-2E06-41C0-9CA1-E910A491099A}.Debug|Any CPU.ActiveCfg = Debug|Any CPU
		{ACC1476C-2E06-41C0-9CA1-E910A491099A}.Debug|Any CPU.Build.0 = Debug|Any CPU
		{ACC1476C-2E06-41C0-9CA1-E910A491099A}.Release|Any CPU.ActiveCfg = Release|Any CPU
		{ACC1476C-2E06-41C0-9CA1-E910A491099A}.Release|Any CPU.Build.0 = Release|Any CPU
		{A6FE421C-BCC8-4A70-9556-B076B3591ACD}.Debug|Any CPU.ActiveCfg = Debug|Any CPU
		{A6FE421C-BCC8-4A70-9556-B076B3591ACD}.Debug|Any CPU.Build.0 = Debug|Any CPU
		{A6FE421C-BCC8-4A70-9556-B076B3591ACD}.Release|Any CPU.ActiveCfg = Release|Any CPU
		{A6FE421C-BCC8-4A70-9556-B076B3591ACD}.Release|Any CPU.Build.0 = Release|Any CPU
		{9CCC568B-D311-46E4-8CFF-0BFB371651E5}.Debug|Any CPU.ActiveCfg = Debug|Any CPU
		{9CCC568B-D311-46E4-8CFF-0BFB371651E5}.Debug|Any CPU.Build.0 = Debug|Any CPU
		{9CCC568B-D311-46E4-8CFF-0BFB371651E5}.Release|Any CPU.ActiveCfg = Release|Any CPU
		{9CCC568B-D311-46E4-8CFF-0BFB371651E5}.Release|Any CPU.Build.0 = Release|Any CPU
		{B9AF65CB-A4E9-4AA0-A2F8-D464396F6F54}.Debug|Any CPU.ActiveCfg = Debug|Any CPU
		{B9AF65CB-A4E9-4AA0-A2F8-D464396F6F54}.Debug|Any CPU.Build.0 = Debug|Any CPU
		{B9AF65CB-A4E9-4AA0-A2F8-D464396F6F54}.Release|Any CPU.ActiveCfg = Release|Any CPU
		{B9AF65CB-A4E9-4AA0-A2F8-D464396F6F54}.Release|Any CPU.Build.0 = Release|Any CPU
		{9B9A4F7D-E043-4291-89D4-C13F6749785C}.Debug|Any CPU.ActiveCfg = Debug|Any CPU
		{9B9A4F7D-E043-4291-89D4-C13F6749785C}.Debug|Any CPU.Build.0 = Debug|Any CPU
		{9B9A4F7D-E043-4291-89D4-C13F6749785C}.Release|Any CPU.ActiveCfg = Release|Any CPU
		{9B9A4F7D-E043-4291-89D4-C13F6749785C}.Release|Any CPU.Build.0 = Release|Any CPU
		{E957E6B8-339E-433C-AD8C-7AAEB0A242DA}.Debug|Any CPU.ActiveCfg = Debug|Any CPU
		{E957E6B8-339E-433C-AD8C-7AAEB0A242DA}.Debug|Any CPU.Build.0 = Debug|Any CPU
		{E957E6B8-339E-433C-AD8C-7AAEB0A242DA}.Release|Any CPU.ActiveCfg = Release|Any CPU
		{E957E6B8-339E-433C-AD8C-7AAEB0A242DA}.Release|Any CPU.Build.0 = Release|Any CPU
	EndGlobalSection
	GlobalSection(SolutionProperties) = preSolution
		HideSolutionNode = FALSE
	EndGlobalSection
	GlobalSection(NestedProjects) = preSolution
		{F4C6DF13-DD22-404F-B713-210DAB434662} = {68FF3967-27C8-4761-ABCE-F59B903A4A46}
		{C609FFCC-8013-43DF-AC99-9C6E9C5BD6A4} = {46A5D681-4D25-41C7-8B21-2D2E715DD565}
		{B23E829B-AECD-4704-854C-BEBC10765F8D} = {92CB8A49-AA79-431A-8516-006F9559AA7A}
		{AF3CC6A8-B8DB-4E0E-839F-C07BF63E5F54} = {92CB8A49-AA79-431A-8516-006F9559AA7A}
		{ACC1476C-2E06-41C0-9CA1-E910A491099A} = {92CB8A49-AA79-431A-8516-006F9559AA7A}
		{A6FE421C-BCC8-4A70-9556-B076B3591ACD} = {92CB8A49-AA79-431A-8516-006F9559AA7A}
		{9CCC568B-D311-46E4-8CFF-0BFB371651E5} = {7CE9B4C8-B547-4C30-939E-244D0B7BC50B}
		{B9AF65CB-A4E9-4AA0-A2F8-D464396F6F54} = {38B7C70F-D3C2-47F2-B8BF-C09363B76FC8}
		{9B9A4F7D-E043-4291-89D4-C13F6749785C} = {38B7C70F-D3C2-47F2-B8BF-C09363B76FC8}
		{92CB8A49-AA79-431A-8516-006F9559AA7A} = {7CE9B4C8-B547-4C30-939E-244D0B7BC50B}
		{38B7C70F-D3C2-47F2-B8BF-C09363B76FC8} = {7CE9B4C8-B547-4C30-939E-244D0B7BC50B}
	EndGlobalSection
	GlobalSection(ExtensibilityGlobals) = postSolution
		SolutionGuid = {6254246B-5E21-41CB-96F1-497E514BD03F}
	EndGlobalSection
EndGlobal
