
Microsoft Visual Studio Solution File, Format Version 12.00
# Visual Studio Version 16
VisualStudioVersion = 16.0.28922.388
MinimumVisualStudioVersion = 10.0.40219.1
Project("{9A19103F-16F7-4668-BE54-9A1E7A4F7556}") = "Cashlog.Core", "Cashlog.Core\Cashlog.Core.csproj", "{1DB774EC-489A-4C65-A305-77E90E00A09F}"
EndProject
Project("{9A19103F-16F7-4668-BE54-9A1E7A4F7556}") = "Cashlog.Application.Selfhost", "Cashlog.Application.Selfhost\Cashlog.Application.Selfhost.csproj", "{47716856-7309-4A34-8D11-8075421A19E8}"
EndProject
Project("{9A19103F-16F7-4668-BE54-9A1E7A4F7556}") = "Cashlog.Data", "Cashlog.Data\Cashlog.Data.csproj", "{1EA7BAC7-49A0-43C1-B6C1-36CCCD4B636C}"
EndProject
Project("{2150E333-8FDC-42A3-9474-1A3956D46DE8}") = "Tests", "Tests", "{68FF3967-27C8-4761-ABCE-F59B903A4A46}"
EndProject
Project("{FAE04EC0-301F-11D3-BF4B-00C04F79EFBC}") = "Cashlog.Tests", "Tests\Cashlog.Tests\Cashlog.Tests.csproj", "{F4C6DF13-DD22-404F-B713-210DAB434662}"
EndProject
Global
	GlobalSection(SolutionConfigurationPlatforms) = preSolution
		Debug|Any CPU = Debug|Any CPU
		Release|Any CPU = Release|Any CPU
	EndGlobalSection
	GlobalSection(ProjectConfigurationPlatforms) = postSolution
		{1DB774EC-489A-4C65-A305-77E90E00A09F}.Debug|Any CPU.ActiveCfg = Debug|Any CPU
		{1DB774EC-489A-4C65-A305-77E90E00A09F}.Debug|Any CPU.Build.0 = Debug|Any CPU
		{1DB774EC-489A-4C65-A305-77E90E00A09F}.Release|Any CPU.ActiveCfg = Release|Any CPU
		{1DB774EC-489A-4C65-A305-77E90E00A09F}.Release|Any CPU.Build.0 = Release|Any CPU
		{47716856-7309-4A34-8D11-8075421A19E8}.Debug|Any CPU.ActiveCfg = Debug|Any CPU
		{47716856-7309-4A34-8D11-8075421A19E8}.Debug|Any CPU.Build.0 = Debug|Any CPU
		{47716856-7309-4A34-8D11-8075421A19E8}.Release|Any CPU.ActiveCfg = Release|Any CPU
		{47716856-7309-4A34-8D11-8075421A19E8}.Release|Any CPU.Build.0 = Release|Any CPU
		{1EA7BAC7-49A0-43C1-B6C1-36CCCD4B636C}.Debug|Any CPU.ActiveCfg = Debug|Any CPU
		{1EA7BAC7-49A0-43C1-B6C1-36CCCD4B636C}.Debug|Any CPU.Build.0 = Debug|Any CPU
		{1EA7BAC7-49A0-43C1-B6C1-36CCCD4B636C}.Release|Any CPU.ActiveCfg = Release|Any CPU
		{1EA7BAC7-49A0-43C1-B6C1-36CCCD4B636C}.Release|Any CPU.Build.0 = Release|Any CPU
		{F4C6DF13-DD22-404F-B713-210DAB434662}.Debug|Any CPU.ActiveCfg = Debug|Any CPU
		{F4C6DF13-DD22-404F-B713-210DAB434662}.Debug|Any CPU.Build.0 = Debug|Any CPU
		{F4C6DF13-DD22-404F-B713-210DAB434662}.Release|Any CPU.ActiveCfg = Release|Any CPU
		{F4C6DF13-DD22-404F-B713-210DAB434662}.Release|Any CPU.Build.0 = Release|Any CPU
	EndGlobalSection
	GlobalSection(SolutionProperties) = preSolution
		HideSolutionNode = FALSE
	EndGlobalSection
	GlobalSection(NestedProjects) = preSolution
		{F4C6DF13-DD22-404F-B713-210DAB434662} = {68FF3967-27C8-4761-ABCE-F59B903A4A46}
	EndGlobalSection
	GlobalSection(ExtensibilityGlobals) = postSolution
		SolutionGuid = {6254246B-5E21-41CB-96F1-497E514BD03F}
	EndGlobalSection
EndGlobal
